// !$*UTF8*$!
{
	archiveVersion = 1;
	classes = {
	};
	objectVersion = 55;
	objects = {

/* Begin PBXBuildFile section */
		9A141FBD278360B8005D0362 /* SignUpViewController.swift in Sources */ = {isa = PBXBuildFile; fileRef = 9A141FBC278360B8005D0362 /* SignUpViewController.swift */; };
		9A141FBF278360CE005D0362 /* HomeViewController.swift in Sources */ = {isa = PBXBuildFile; fileRef = 9A141FBE278360CE005D0362 /* HomeViewController.swift */; };
		9A2DCACF27F096D200B6A521 /* ConversationTableViewCell.swift in Sources */ = {isa = PBXBuildFile; fileRef = 9A2DCACE27F096D100B6A521 /* ConversationTableViewCell.swift */; };
		9A2DCAD227F0A01200B6A521 /* SDWebImage in Frameworks */ = {isa = PBXBuildFile; productRef = 9A2DCAD127F0A01200B6A521 /* SDWebImage */; };
		9A5D4605278C7B210018A096 /* LoginViewController.swift in Sources */ = {isa = PBXBuildFile; fileRef = 9A5D4604278C7B210018A096 /* LoginViewController.swift */; };
		9A5D4607278C86900018A096 /* GoogleService-Info.plist in Resources */ = {isa = PBXBuildFile; fileRef = 9A5D4606278C86900018A096 /* GoogleService-Info.plist */; };
		9A5D461C278CA3100018A096 /* FirebaseAnalytics in Frameworks */ = {isa = PBXBuildFile; productRef = 9A5D461B278CA3100018A096 /* FirebaseAnalytics */; };
		9A5D461E278CA3100018A096 /* FirebaseAnalyticsSwift-Beta in Frameworks */ = {isa = PBXBuildFile; productRef = 9A5D461D278CA3100018A096 /* FirebaseAnalyticsSwift-Beta */; };
		9A5D4620278CA3100018A096 /* FirebaseAnalyticsWithoutAdIdSupport in Frameworks */ = {isa = PBXBuildFile; productRef = 9A5D461F278CA3100018A096 /* FirebaseAnalyticsWithoutAdIdSupport */; };
		9A5D4622278CA3100018A096 /* FirebaseAppCheck in Frameworks */ = {isa = PBXBuildFile; productRef = 9A5D4621278CA3100018A096 /* FirebaseAppCheck */; };
		9A5D4624278CA3100018A096 /* FirebaseAppDistribution-Beta in Frameworks */ = {isa = PBXBuildFile; productRef = 9A5D4623278CA3100018A096 /* FirebaseAppDistribution-Beta */; };
		9A5D4626278CA3100018A096 /* FirebaseAuth in Frameworks */ = {isa = PBXBuildFile; productRef = 9A5D4625278CA3100018A096 /* FirebaseAuth */; };
		9A5D4628278CA3100018A096 /* FirebaseAuthCombine-Community in Frameworks */ = {isa = PBXBuildFile; productRef = 9A5D4627278CA3100018A096 /* FirebaseAuthCombine-Community */; };
		9A5D462A278CA3100018A096 /* FirebaseCrashlytics in Frameworks */ = {isa = PBXBuildFile; productRef = 9A5D4629278CA3100018A096 /* FirebaseCrashlytics */; };
		9A5D462C278CA3100018A096 /* FirebaseDatabase in Frameworks */ = {isa = PBXBuildFile; productRef = 9A5D462B278CA3100018A096 /* FirebaseDatabase */; };
		9A5D462E278CA3100018A096 /* FirebaseDatabaseSwift-Beta in Frameworks */ = {isa = PBXBuildFile; productRef = 9A5D462D278CA3100018A096 /* FirebaseDatabaseSwift-Beta */; };
		9A5D4630278CA3100018A096 /* FirebaseDynamicLinks in Frameworks */ = {isa = PBXBuildFile; productRef = 9A5D462F278CA3100018A096 /* FirebaseDynamicLinks */; };
		9A5D4632278CA3100018A096 /* FirebaseFirestore in Frameworks */ = {isa = PBXBuildFile; productRef = 9A5D4631278CA3100018A096 /* FirebaseFirestore */; };
		9A5D4634278CA3100018A096 /* FirebaseFirestoreCombine-Community in Frameworks */ = {isa = PBXBuildFile; productRef = 9A5D4633278CA3100018A096 /* FirebaseFirestoreCombine-Community */; };
		9A5D4636278CA3100018A096 /* FirebaseFirestoreSwift-Beta in Frameworks */ = {isa = PBXBuildFile; productRef = 9A5D4635278CA3100018A096 /* FirebaseFirestoreSwift-Beta */; };
		9A5D4638278CA3100018A096 /* FirebaseFunctions in Frameworks */ = {isa = PBXBuildFile; productRef = 9A5D4637278CA3100018A096 /* FirebaseFunctions */; };
		9A5D463A278CA3100018A096 /* FirebaseFunctionsCombine-Community in Frameworks */ = {isa = PBXBuildFile; productRef = 9A5D4639278CA3100018A096 /* FirebaseFunctionsCombine-Community */; };
		9A5D463C278CA3100018A096 /* FirebaseFunctionsSwift-Beta in Frameworks */ = {isa = PBXBuildFile; productRef = 9A5D463B278CA3100018A096 /* FirebaseFunctionsSwift-Beta */; };
		9A5D463E278CA3100018A096 /* FirebaseInAppMessaging-Beta in Frameworks */ = {isa = PBXBuildFile; productRef = 9A5D463D278CA3100018A096 /* FirebaseInAppMessaging-Beta */; };
		9A5D4640278CA3100018A096 /* FirebaseInAppMessagingSwift-Beta in Frameworks */ = {isa = PBXBuildFile; productRef = 9A5D463F278CA3100018A096 /* FirebaseInAppMessagingSwift-Beta */; };
		9A5D4642278CA3100018A096 /* FirebaseInstallations in Frameworks */ = {isa = PBXBuildFile; productRef = 9A5D4641278CA3100018A096 /* FirebaseInstallations */; };
		9A5D4644278CA3100018A096 /* FirebaseMLModelDownloader in Frameworks */ = {isa = PBXBuildFile; productRef = 9A5D4643278CA3100018A096 /* FirebaseMLModelDownloader */; };
		9A5D4646278CA3100018A096 /* FirebaseMessaging in Frameworks */ = {isa = PBXBuildFile; productRef = 9A5D4645278CA3100018A096 /* FirebaseMessaging */; };
		9A5D4648278CA3100018A096 /* FirebasePerformance in Frameworks */ = {isa = PBXBuildFile; productRef = 9A5D4647278CA3100018A096 /* FirebasePerformance */; };
		9A5D464A278CA3100018A096 /* FirebaseRemoteConfig in Frameworks */ = {isa = PBXBuildFile; productRef = 9A5D4649278CA3100018A096 /* FirebaseRemoteConfig */; };
		9A5D464C278CA3100018A096 /* FirebaseStorage in Frameworks */ = {isa = PBXBuildFile; productRef = 9A5D464B278CA3100018A096 /* FirebaseStorage */; };
		9A5D464E278CA3100018A096 /* FirebaseStorageCombine-Community in Frameworks */ = {isa = PBXBuildFile; productRef = 9A5D464D278CA3100018A096 /* FirebaseStorageCombine-Community */; };
		9A5D4650278CA3100018A096 /* FirebaseStorageSwift-Beta in Frameworks */ = {isa = PBXBuildFile; productRef = 9A5D464F278CA3100018A096 /* FirebaseStorageSwift-Beta */; };
		9A5D4652278DFCB20018A096 /* Constants.swift in Sources */ = {isa = PBXBuildFile; fileRef = 9A5D4651278DFCB20018A096 /* Constants.swift */; };
		9A863F4C278C628A00E098E6 /* Utilities.swift in Sources */ = {isa = PBXBuildFile; fileRef = 9A863F4B278C628900E098E6 /* Utilities.swift */; };
		9AACDDE3277B871200110099 /* AppDelegate.swift in Sources */ = {isa = PBXBuildFile; fileRef = 9AACDDE2277B871200110099 /* AppDelegate.swift */; };
		9AACDDE5277B871200110099 /* SceneDelegate.swift in Sources */ = {isa = PBXBuildFile; fileRef = 9AACDDE4277B871200110099 /* SceneDelegate.swift */; };
		9AACDDE7277B871200110099 /* ViewController.swift in Sources */ = {isa = PBXBuildFile; fileRef = 9AACDDE6277B871200110099 /* ViewController.swift */; };
		9AACDDEA277B871200110099 /* Main.storyboard in Resources */ = {isa = PBXBuildFile; fileRef = 9AACDDE8277B871200110099 /* Main.storyboard */; };
		9AACDDEC277B871400110099 /* Assets.xcassets in Resources */ = {isa = PBXBuildFile; fileRef = 9AACDDEB277B871400110099 /* Assets.xcassets */; };
		9AACDDEF277B871400110099 /* LaunchScreen.storyboard in Resources */ = {isa = PBXBuildFile; fileRef = 9AACDDED277B871400110099 /* LaunchScreen.storyboard */; };
		9AC60FCE27DED59B000C5555 /* NewEventViewController.swift in Sources */ = {isa = PBXBuildFile; fileRef = 9AC60FCD27DED59B000C5555 /* NewEventViewController.swift */; };
		9AC60FD027DED756000C5555 /* Event.swift in Sources */ = {isa = PBXBuildFile; fileRef = 9AC60FCF27DED756000C5555 /* Event.swift */; };
		9AC60FF727E110B8000C5555 /* MessageKit in Frameworks */ = {isa = PBXBuildFile; productRef = 9AC60FF627E110B8000C5555 /* MessageKit */; };
		9AC60FF927E1124C000C5555 /* MessagerViewController.swift in Sources */ = {isa = PBXBuildFile; fileRef = 9AC60FF827E1124C000C5555 /* MessagerViewController.swift */; };
		9AC60FFB27E11B4F000C5555 /* SettingsViewController.swift in Sources */ = {isa = PBXBuildFile; fileRef = 9AC60FFA27E11B4F000C5555 /* SettingsViewController.swift */; };
		9AC60FFD27E11DFE000C5555 /* ChatViewController.swift in Sources */ = {isa = PBXBuildFile; fileRef = 9AC60FFC27E11DFE000C5555 /* ChatViewController.swift */; };
		9AC6100127E3C9DD000C5555 /* DatabaseManager.swift in Sources */ = {isa = PBXBuildFile; fileRef = 9AC6100027E3C9DC000C5555 /* DatabaseManager.swift */; };
		9AC6100327E56491000C5555 /* NewConversationViewController.swift in Sources */ = {isa = PBXBuildFile; fileRef = 9AC6100227E56490000C5555 /* NewConversationViewController.swift */; };
		9AC6100727E7ADE5000C5555 /* StorageManager.swift in Sources */ = {isa = PBXBuildFile; fileRef = 9AC6100627E7ADE5000C5555 /* StorageManager.swift */; };
		9ADC6DCE27BAC8A500CDC052 /* CalendarHelper.swift in Sources */ = {isa = PBXBuildFile; fileRef = 9ADC6DCD27BAC8A500CDC052 /* CalendarHelper.swift */; };
		9ADC6DD027BAC92000CDC052 /* CalendarCell.swift in Sources */ = {isa = PBXBuildFile; fileRef = 9ADC6DCF27BAC92000CDC052 /* CalendarCell.swift */; };
/* End PBXBuildFile section */

/* Begin PBXFileReference section */
		9A141FBC278360B8005D0362 /* SignUpViewController.swift */ = {isa = PBXFileReference; lastKnownFileType = sourcecode.swift; path = SignUpViewController.swift; sourceTree = "<group>"; };
		9A141FBE278360CE005D0362 /* HomeViewController.swift */ = {isa = PBXFileReference; lastKnownFileType = sourcecode.swift; path = HomeViewController.swift; sourceTree = "<group>"; };
		9A2DCACE27F096D100B6A521 /* ConversationTableViewCell.swift */ = {isa = PBXFileReference; fileEncoding = 4; lastKnownFileType = sourcecode.swift; path = ConversationTableViewCell.swift; sourceTree = "<group>"; };
		9A5D4604278C7B210018A096 /* LoginViewController.swift */ = {isa = PBXFileReference; lastKnownFileType = sourcecode.swift; path = LoginViewController.swift; sourceTree = "<group>"; };
		9A5D4606278C86900018A096 /* GoogleService-Info.plist */ = {isa = PBXFileReference; fileEncoding = 4; lastKnownFileType = text.plist.xml; path = "GoogleService-Info.plist"; sourceTree = "<group>"; };
		9A5D4651278DFCB20018A096 /* Constants.swift */ = {isa = PBXFileReference; lastKnownFileType = sourcecode.swift; path = Constants.swift; sourceTree = "<group>"; };
		9A863F4B278C628900E098E6 /* Utilities.swift */ = {isa = PBXFileReference; fileEncoding = 4; lastKnownFileType = sourcecode.swift; path = Utilities.swift; sourceTree = "<group>"; };
		9AACDDDF277B871200110099 /* LoginApplication.app */ = {isa = PBXFileReference; explicitFileType = wrapper.application; includeInIndex = 0; path = LoginApplication.app; sourceTree = BUILT_PRODUCTS_DIR; };
		9AACDDE2277B871200110099 /* AppDelegate.swift */ = {isa = PBXFileReference; lastKnownFileType = sourcecode.swift; path = AppDelegate.swift; sourceTree = "<group>"; };
		9AACDDE4277B871200110099 /* SceneDelegate.swift */ = {isa = PBXFileReference; lastKnownFileType = sourcecode.swift; path = SceneDelegate.swift; sourceTree = "<group>"; };
		9AACDDE6277B871200110099 /* ViewController.swift */ = {isa = PBXFileReference; lastKnownFileType = sourcecode.swift; path = ViewController.swift; sourceTree = "<group>"; };
		9AACDDE9277B871200110099 /* Base */ = {isa = PBXFileReference; lastKnownFileType = file.storyboard; name = Base; path = Base.lproj/Main.storyboard; sourceTree = "<group>"; };
		9AACDDEB277B871400110099 /* Assets.xcassets */ = {isa = PBXFileReference; lastKnownFileType = folder.assetcatalog; path = Assets.xcassets; sourceTree = "<group>"; };
		9AACDDEE277B871400110099 /* Base */ = {isa = PBXFileReference; lastKnownFileType = file.storyboard; name = Base; path = Base.lproj/LaunchScreen.storyboard; sourceTree = "<group>"; };
		9AACDDF0277B871400110099 /* Info.plist */ = {isa = PBXFileReference; lastKnownFileType = text.plist.xml; path = Info.plist; sourceTree = "<group>"; };
		9AC60FCD27DED59B000C5555 /* NewEventViewController.swift */ = {isa = PBXFileReference; lastKnownFileType = sourcecode.swift; path = NewEventViewController.swift; sourceTree = "<group>"; };
		9AC60FCF27DED756000C5555 /* Event.swift */ = {isa = PBXFileReference; lastKnownFileType = sourcecode.swift; path = Event.swift; sourceTree = "<group>"; };
		9AC60FF827E1124C000C5555 /* MessagerViewController.swift */ = {isa = PBXFileReference; lastKnownFileType = sourcecode.swift; path = MessagerViewController.swift; sourceTree = "<group>"; };
		9AC60FFA27E11B4F000C5555 /* SettingsViewController.swift */ = {isa = PBXFileReference; lastKnownFileType = sourcecode.swift; path = SettingsViewController.swift; sourceTree = "<group>"; };
		9AC60FFC27E11DFE000C5555 /* ChatViewController.swift */ = {isa = PBXFileReference; lastKnownFileType = sourcecode.swift; path = ChatViewController.swift; sourceTree = "<group>"; };
		9AC6100027E3C9DC000C5555 /* DatabaseManager.swift */ = {isa = PBXFileReference; lastKnownFileType = sourcecode.swift; path = DatabaseManager.swift; sourceTree = "<group>"; };
		9AC6100227E56490000C5555 /* NewConversationViewController.swift */ = {isa = PBXFileReference; lastKnownFileType = sourcecode.swift; path = NewConversationViewController.swift; sourceTree = "<group>"; };
		9AC6100627E7ADE5000C5555 /* StorageManager.swift */ = {isa = PBXFileReference; lastKnownFileType = sourcecode.swift; path = StorageManager.swift; sourceTree = "<group>"; };
		9ADC6DCD27BAC8A500CDC052 /* CalendarHelper.swift */ = {isa = PBXFileReference; lastKnownFileType = sourcecode.swift; path = CalendarHelper.swift; sourceTree = "<group>"; };
		9ADC6DCF27BAC92000CDC052 /* CalendarCell.swift */ = {isa = PBXFileReference; lastKnownFileType = sourcecode.swift; path = CalendarCell.swift; sourceTree = "<group>"; };
/* End PBXFileReference section */

/* Begin PBXFrameworksBuildPhase section */
		9AACDDDC277B871200110099 /* Frameworks */ = {
			isa = PBXFrameworksBuildPhase;
			buildActionMask = 2147483647;
			files = (
				9A5D4634278CA3100018A096 /* FirebaseFirestoreCombine-Community in Frameworks */,
				9A5D462E278CA3100018A096 /* FirebaseDatabaseSwift-Beta in Frameworks */,
				9A5D4630278CA3100018A096 /* FirebaseDynamicLinks in Frameworks */,
				9AC60FF727E110B8000C5555 /* MessageKit in Frameworks */,
				9A5D464C278CA3100018A096 /* FirebaseStorage in Frameworks */,
				9A5D4622278CA3100018A096 /* FirebaseAppCheck in Frameworks */,
				9A5D4650278CA3100018A096 /* FirebaseStorageSwift-Beta in Frameworks */,
				9A2DCAD227F0A01200B6A521 /* SDWebImage in Frameworks */,
				9A5D4626278CA3100018A096 /* FirebaseAuth in Frameworks */,
				9A5D461E278CA3100018A096 /* FirebaseAnalyticsSwift-Beta in Frameworks */,
				9A5D4644278CA3100018A096 /* FirebaseMLModelDownloader in Frameworks */,
				9A5D4632278CA3100018A096 /* FirebaseFirestore in Frameworks */,
				9A5D463A278CA3100018A096 /* FirebaseFunctionsCombine-Community in Frameworks */,
				9A5D4624278CA3100018A096 /* FirebaseAppDistribution-Beta in Frameworks */,
				9A5D4620278CA3100018A096 /* FirebaseAnalyticsWithoutAdIdSupport in Frameworks */,
				9A5D4636278CA3100018A096 /* FirebaseFirestoreSwift-Beta in Frameworks */,
				9A5D463E278CA3100018A096 /* FirebaseInAppMessaging-Beta in Frameworks */,
				9A5D462A278CA3100018A096 /* FirebaseCrashlytics in Frameworks */,
				9A5D462C278CA3100018A096 /* FirebaseDatabase in Frameworks */,
				9A5D464E278CA3100018A096 /* FirebaseStorageCombine-Community in Frameworks */,
				9A5D464A278CA3100018A096 /* FirebaseRemoteConfig in Frameworks */,
				9A5D463C278CA3100018A096 /* FirebaseFunctionsSwift-Beta in Frameworks */,
				9A5D4638278CA3100018A096 /* FirebaseFunctions in Frameworks */,
				9A5D4648278CA3100018A096 /* FirebasePerformance in Frameworks */,
				9A5D4640278CA3100018A096 /* FirebaseInAppMessagingSwift-Beta in Frameworks */,
				9A5D4628278CA3100018A096 /* FirebaseAuthCombine-Community in Frameworks */,
				9A5D461C278CA3100018A096 /* FirebaseAnalytics in Frameworks */,
				9A5D4646278CA3100018A096 /* FirebaseMessaging in Frameworks */,
				9A5D4642278CA3100018A096 /* FirebaseInstallations in Frameworks */,
			);
			runOnlyForDeploymentPostprocessing = 0;
		};
/* End PBXFrameworksBuildPhase section */

/* Begin PBXGroup section */
		9A141FC0278360E1005D0362 /* View Controllers */ = {
			isa = PBXGroup;
			children = (
				9A141FBC278360B8005D0362 /* SignUpViewController.swift */,
				9A5D4604278C7B210018A096 /* LoginViewController.swift */,
				9A141FBE278360CE005D0362 /* HomeViewController.swift */,
				9AACDDE6277B871200110099 /* ViewController.swift */,
				9AC60FCD27DED59B000C5555 /* NewEventViewController.swift */,
				9AC60FFA27E11B4F000C5555 /* SettingsViewController.swift */,
				9AC60FF827E1124C000C5555 /* MessagerViewController.swift */,
				9AC60FFC27E11DFE000C5555 /* ChatViewController.swift */,
				9AC6100227E56490000C5555 /* NewConversationViewController.swift */,
			);
			path = "View Controllers";
			sourceTree = "<group>";
		};
		9A863F4D278C629100E098E6 /* Helpers */ = {
			isa = PBXGroup;
			children = (
				9ADC6DCF27BAC92000CDC052 /* CalendarCell.swift */,
				9ADC6DCD27BAC8A500CDC052 /* CalendarHelper.swift */,
				9A863F4B278C628900E098E6 /* Utilities.swift */,
				9A5D4651278DFCB20018A096 /* Constants.swift */,
				9AC60FCF27DED756000C5555 /* Event.swift */,
				9AC6100027E3C9DC000C5555 /* DatabaseManager.swift */,
				9AC6100627E7ADE5000C5555 /* StorageManager.swift */,
				9A2DCACE27F096D100B6A521 /* ConversationTableViewCell.swift */,
			);
			path = Helpers;
			sourceTree = "<group>";
		};
		9AACDDD6277B871200110099 = {
			isa = PBXGroup;
			children = (
				9AACDDE1277B871200110099 /* LoginApplication */,
				9AACDDE0277B871200110099 /* Products */,
			);
			sourceTree = "<group>";
		};
		9AACDDE0277B871200110099 /* Products */ = {
			isa = PBXGroup;
			children = (
				9AACDDDF277B871200110099 /* LoginApplication.app */,
			);
			name = Products;
			sourceTree = "<group>";
		};
		9AACDDE1277B871200110099 /* LoginApplication */ = {
			isa = PBXGroup;
			children = (
				9AACDDE2277B871200110099 /* AppDelegate.swift */,
				9AACDDE4277B871200110099 /* SceneDelegate.swift */,
				9A863F4D278C629100E098E6 /* Helpers */,
				9A141FC0278360E1005D0362 /* View Controllers */,
				9AACDDE8277B871200110099 /* Main.storyboard */,
				9AACDDEB277B871400110099 /* Assets.xcassets */,
				9A5D4606278C86900018A096 /* GoogleService-Info.plist */,
				9AACDDED277B871400110099 /* LaunchScreen.storyboard */,
				9AACDDF0277B871400110099 /* Info.plist */,
			);
			path = LoginApplication;
			sourceTree = "<group>";
		};
/* End PBXGroup section */

/* Begin PBXNativeTarget section */
		9AACDDDE277B871200110099 /* LoginApplication */ = {
			isa = PBXNativeTarget;
			buildConfigurationList = 9AACDDF3277B871400110099 /* Build configuration list for PBXNativeTarget "LoginApplication" */;
			buildPhases = (
				9AACDDDB277B871200110099 /* Sources */,
				9AACDDDC277B871200110099 /* Frameworks */,
				9AACDDDD277B871200110099 /* Resources */,
			);
			buildRules = (
			);
			dependencies = (
			);
			name = LoginApplication;
			packageProductDependencies = (
				9A5D461B278CA3100018A096 /* FirebaseAnalytics */,
				9A5D461D278CA3100018A096 /* FirebaseAnalyticsSwift-Beta */,
				9A5D461F278CA3100018A096 /* FirebaseAnalyticsWithoutAdIdSupport */,
				9A5D4621278CA3100018A096 /* FirebaseAppCheck */,
				9A5D4623278CA3100018A096 /* FirebaseAppDistribution-Beta */,
				9A5D4625278CA3100018A096 /* FirebaseAuth */,
				9A5D4627278CA3100018A096 /* FirebaseAuthCombine-Community */,
				9A5D4629278CA3100018A096 /* FirebaseCrashlytics */,
				9A5D462B278CA3100018A096 /* FirebaseDatabase */,
				9A5D462D278CA3100018A096 /* FirebaseDatabaseSwift-Beta */,
				9A5D462F278CA3100018A096 /* FirebaseDynamicLinks */,
				9A5D4631278CA3100018A096 /* FirebaseFirestore */,
				9A5D4633278CA3100018A096 /* FirebaseFirestoreCombine-Community */,
				9A5D4635278CA3100018A096 /* FirebaseFirestoreSwift-Beta */,
				9A5D4637278CA3100018A096 /* FirebaseFunctions */,
				9A5D4639278CA3100018A096 /* FirebaseFunctionsCombine-Community */,
				9A5D463B278CA3100018A096 /* FirebaseFunctionsSwift-Beta */,
				9A5D463D278CA3100018A096 /* FirebaseInAppMessaging-Beta */,
				9A5D463F278CA3100018A096 /* FirebaseInAppMessagingSwift-Beta */,
				9A5D4641278CA3100018A096 /* FirebaseInstallations */,
				9A5D4643278CA3100018A096 /* FirebaseMLModelDownloader */,
				9A5D4645278CA3100018A096 /* FirebaseMessaging */,
				9A5D4647278CA3100018A096 /* FirebasePerformance */,
				9A5D4649278CA3100018A096 /* FirebaseRemoteConfig */,
				9A5D464B278CA3100018A096 /* FirebaseStorage */,
				9A5D464D278CA3100018A096 /* FirebaseStorageCombine-Community */,
				9A5D464F278CA3100018A096 /* FirebaseStorageSwift-Beta */,
				9AC60FF627E110B8000C5555 /* MessageKit */,
				9A2DCAD127F0A01200B6A521 /* SDWebImage */,
			);
			productName = LoginApplication;
			productReference = 9AACDDDF277B871200110099 /* LoginApplication.app */;
			productType = "com.apple.product-type.application";
		};
/* End PBXNativeTarget section */

/* Begin PBXProject section */
		9AACDDD7277B871200110099 /* Project object */ = {
			isa = PBXProject;
			attributes = {
				BuildIndependentTargetsInParallel = 1;
				LastSwiftUpdateCheck = 1320;
				LastUpgradeCheck = 1320;
				TargetAttributes = {
					9AACDDDE277B871200110099 = {
						CreatedOnToolsVersion = 13.2.1;
					};
				};
			};
			buildConfigurationList = 9AACDDDA277B871200110099 /* Build configuration list for PBXProject "LoginApplication" */;
			compatibilityVersion = "Xcode 13.0";
			developmentRegion = en;
			hasScannedForEncodings = 0;
			knownRegions = (
				en,
				Base,
			);
			mainGroup = 9AACDDD6277B871200110099;
			packageReferences = (
				9A5D461A278CA3100018A096 /* XCRemoteSwiftPackageReference "firebase-ios-sdk" */,
				9AC60FF527E110B8000C5555 /* XCRemoteSwiftPackageReference "MessageKit" */,
				9A2DCAD027F0A01200B6A521 /* XCRemoteSwiftPackageReference "SDWebImage" */,
			);
			productRefGroup = 9AACDDE0277B871200110099 /* Products */;
			projectDirPath = "";
			projectRoot = "";
			targets = (
				9AACDDDE277B871200110099 /* LoginApplication */,
			);
		};
/* End PBXProject section */

/* Begin PBXResourcesBuildPhase section */
		9AACDDDD277B871200110099 /* Resources */ = {
			isa = PBXResourcesBuildPhase;
			buildActionMask = 2147483647;
			files = (
				9AACDDEF277B871400110099 /* LaunchScreen.storyboard in Resources */,
				9A5D4607278C86900018A096 /* GoogleService-Info.plist in Resources */,
				9AACDDEC277B871400110099 /* Assets.xcassets in Resources */,
				9AACDDEA277B871200110099 /* Main.storyboard in Resources */,
			);
			runOnlyForDeploymentPostprocessing = 0;
		};
/* End PBXResourcesBuildPhase section */

/* Begin PBXSourcesBuildPhase section */
		9AACDDDB277B871200110099 /* Sources */ = {
			isa = PBXSourcesBuildPhase;
			buildActionMask = 2147483647;
			files = (
				9AC6100127E3C9DD000C5555 /* DatabaseManager.swift in Sources */,
				9AC60FF927E1124C000C5555 /* MessagerViewController.swift in Sources */,
				9A5D4605278C7B210018A096 /* LoginViewController.swift in Sources */,
				9A2DCACF27F096D200B6A521 /* ConversationTableViewCell.swift in Sources */,
				9AC6100727E7ADE5000C5555 /* StorageManager.swift in Sources */,
				9AACDDE7277B871200110099 /* ViewController.swift in Sources */,
				9A863F4C278C628A00E098E6 /* Utilities.swift in Sources */,
				9AACDDE3277B871200110099 /* AppDelegate.swift in Sources */,
				9AACDDE5277B871200110099 /* SceneDelegate.swift in Sources */,
				9AC60FFB27E11B4F000C5555 /* SettingsViewController.swift in Sources */,
				9ADC6DCE27BAC8A500CDC052 /* CalendarHelper.swift in Sources */,
				9A141FBD278360B8005D0362 /* SignUpViewController.swift in Sources */,
				9A141FBF278360CE005D0362 /* HomeViewController.swift in Sources */,
				9AC60FFD27E11DFE000C5555 /* ChatViewController.swift in Sources */,
				9A5D4652278DFCB20018A096 /* Constants.swift in Sources */,
				9AC6100327E56491000C5555 /* NewConversationViewController.swift in Sources */,
				9AC60FCE27DED59B000C5555 /* NewEventViewController.swift in Sources */,
				9ADC6DD027BAC92000CDC052 /* CalendarCell.swift in Sources */,
				9AC60FD027DED756000C5555 /* Event.swift in Sources */,
			);
			runOnlyForDeploymentPostprocessing = 0;
		};
/* End PBXSourcesBuildPhase section */

/* Begin PBXVariantGroup section */
		9AACDDE8277B871200110099 /* Main.storyboard */ = {
			isa = PBXVariantGroup;
			children = (
				9AACDDE9277B871200110099 /* Base */,
			);
			name = Main.storyboard;
			sourceTree = "<group>";
		};
		9AACDDED277B871400110099 /* LaunchScreen.storyboard */ = {
			isa = PBXVariantGroup;
			children = (
				9AACDDEE277B871400110099 /* Base */,
			);
			name = LaunchScreen.storyboard;
			sourceTree = "<group>";
		};
/* End PBXVariantGroup section */

/* Begin XCBuildConfiguration section */
		9AACDDF1277B871400110099 /* Debug */ = {
			isa = XCBuildConfiguration;
			buildSettings = {
				ALWAYS_SEARCH_USER_PATHS = NO;
				CLANG_ANALYZER_NONNULL = YES;
				CLANG_ANALYZER_NUMBER_OBJECT_CONVERSION = YES_AGGRESSIVE;
				CLANG_CXX_LANGUAGE_STANDARD = "gnu++17";
				CLANG_CXX_LIBRARY = "libc++";
				CLANG_ENABLE_MODULES = YES;
				CLANG_ENABLE_OBJC_ARC = YES;
				CLANG_ENABLE_OBJC_WEAK = YES;
				CLANG_WARN_BLOCK_CAPTURE_AUTORELEASING = YES;
				CLANG_WARN_BOOL_CONVERSION = YES;
				CLANG_WARN_COMMA = YES;
				CLANG_WARN_CONSTANT_CONVERSION = YES;
				CLANG_WARN_DEPRECATED_OBJC_IMPLEMENTATIONS = YES;
				CLANG_WARN_DIRECT_OBJC_ISA_USAGE = YES_ERROR;
				CLANG_WARN_DOCUMENTATION_COMMENTS = YES;
				CLANG_WARN_EMPTY_BODY = YES;
				CLANG_WARN_ENUM_CONVERSION = YES;
				CLANG_WARN_INFINITE_RECURSION = YES;
				CLANG_WARN_INT_CONVERSION = YES;
				CLANG_WARN_NON_LITERAL_NULL_CONVERSION = YES;
				CLANG_WARN_OBJC_IMPLICIT_RETAIN_SELF = YES;
				CLANG_WARN_OBJC_LITERAL_CONVERSION = YES;
				CLANG_WARN_OBJC_ROOT_CLASS = YES_ERROR;
				CLANG_WARN_QUOTED_INCLUDE_IN_FRAMEWORK_HEADER = YES;
				CLANG_WARN_RANGE_LOOP_ANALYSIS = YES;
				CLANG_WARN_STRICT_PROTOTYPES = YES;
				CLANG_WARN_SUSPICIOUS_MOVE = YES;
				CLANG_WARN_UNGUARDED_AVAILABILITY = YES_AGGRESSIVE;
				CLANG_WARN_UNREACHABLE_CODE = YES;
				CLANG_WARN__DUPLICATE_METHOD_MATCH = YES;
				COPY_PHASE_STRIP = NO;
				DEBUG_INFORMATION_FORMAT = dwarf;
				ENABLE_STRICT_OBJC_MSGSEND = YES;
				ENABLE_TESTABILITY = YES;
				GCC_C_LANGUAGE_STANDARD = gnu11;
				GCC_DYNAMIC_NO_PIC = NO;
				GCC_NO_COMMON_BLOCKS = YES;
				GCC_OPTIMIZATION_LEVEL = 0;
				GCC_PREPROCESSOR_DEFINITIONS = (
					"DEBUG=1",
					"$(inherited)",
				);
				GCC_WARN_64_TO_32_BIT_CONVERSION = YES;
				GCC_WARN_ABOUT_RETURN_TYPE = YES_ERROR;
				GCC_WARN_UNDECLARED_SELECTOR = YES;
				GCC_WARN_UNINITIALIZED_AUTOS = YES_AGGRESSIVE;
				GCC_WARN_UNUSED_FUNCTION = YES;
				GCC_WARN_UNUSED_VARIABLE = YES;
				IPHONEOS_DEPLOYMENT_TARGET = 15.2;
				MTL_ENABLE_DEBUG_INFO = INCLUDE_SOURCE;
				MTL_FAST_MATH = YES;
				ONLY_ACTIVE_ARCH = YES;
				SDKROOT = iphoneos;
				SWIFT_ACTIVE_COMPILATION_CONDITIONS = DEBUG;
				SWIFT_OPTIMIZATION_LEVEL = "-Onone";
			};
			name = Debug;
		};
		9AACDDF2277B871400110099 /* Release */ = {
			isa = XCBuildConfiguration;
			buildSettings = {
				ALWAYS_SEARCH_USER_PATHS = NO;
				CLANG_ANALYZER_NONNULL = YES;
				CLANG_ANALYZER_NUMBER_OBJECT_CONVERSION = YES_AGGRESSIVE;
				CLANG_CXX_LANGUAGE_STANDARD = "gnu++17";
				CLANG_CXX_LIBRARY = "libc++";
				CLANG_ENABLE_MODULES = YES;
				CLANG_ENABLE_OBJC_ARC = YES;
				CLANG_ENABLE_OBJC_WEAK = YES;
				CLANG_WARN_BLOCK_CAPTURE_AUTORELEASING = YES;
				CLANG_WARN_BOOL_CONVERSION = YES;
				CLANG_WARN_COMMA = YES;
				CLANG_WARN_CONSTANT_CONVERSION = YES;
				CLANG_WARN_DEPRECATED_OBJC_IMPLEMENTATIONS = YES;
				CLANG_WARN_DIRECT_OBJC_ISA_USAGE = YES_ERROR;
				CLANG_WARN_DOCUMENTATION_COMMENTS = YES;
				CLANG_WARN_EMPTY_BODY = YES;
				CLANG_WARN_ENUM_CONVERSION = YES;
				CLANG_WARN_INFINITE_RECURSION = YES;
				CLANG_WARN_INT_CONVERSION = YES;
				CLANG_WARN_NON_LITERAL_NULL_CONVERSION = YES;
				CLANG_WARN_OBJC_IMPLICIT_RETAIN_SELF = YES;
				CLANG_WARN_OBJC_LITERAL_CONVERSION = YES;
				CLANG_WARN_OBJC_ROOT_CLASS = YES_ERROR;
				CLANG_WARN_QUOTED_INCLUDE_IN_FRAMEWORK_HEADER = YES;
				CLANG_WARN_RANGE_LOOP_ANALYSIS = YES;
				CLANG_WARN_STRICT_PROTOTYPES = YES;
				CLANG_WARN_SUSPICIOUS_MOVE = YES;
				CLANG_WARN_UNGUARDED_AVAILABILITY = YES_AGGRESSIVE;
				CLANG_WARN_UNREACHABLE_CODE = YES;
				CLANG_WARN__DUPLICATE_METHOD_MATCH = YES;
				COPY_PHASE_STRIP = NO;
				DEBUG_INFORMATION_FORMAT = "dwarf-with-dsym";
				ENABLE_NS_ASSERTIONS = NO;
				ENABLE_STRICT_OBJC_MSGSEND = YES;
				GCC_C_LANGUAGE_STANDARD = gnu11;
				GCC_NO_COMMON_BLOCKS = YES;
				GCC_WARN_64_TO_32_BIT_CONVERSION = YES;
				GCC_WARN_ABOUT_RETURN_TYPE = YES_ERROR;
				GCC_WARN_UNDECLARED_SELECTOR = YES;
				GCC_WARN_UNINITIALIZED_AUTOS = YES_AGGRESSIVE;
				GCC_WARN_UNUSED_FUNCTION = YES;
				GCC_WARN_UNUSED_VARIABLE = YES;
				IPHONEOS_DEPLOYMENT_TARGET = 15.2;
				MTL_ENABLE_DEBUG_INFO = NO;
				MTL_FAST_MATH = YES;
				SDKROOT = iphoneos;
				SWIFT_COMPILATION_MODE = wholemodule;
				SWIFT_OPTIMIZATION_LEVEL = "-O";
				VALIDATE_PRODUCT = YES;
			};
			name = Release;
		};
		9AACDDF4277B871400110099 /* Debug */ = {
			isa = XCBuildConfiguration;
			buildSettings = {
				ASSETCATALOG_COMPILER_APPICON_NAME = AppIcon;
				ASSETCATALOG_COMPILER_GLOBAL_ACCENT_COLOR_NAME = AccentColor;
				CODE_SIGN_STYLE = Automatic;
				CURRENT_PROJECT_VERSION = 1;
				DEVELOPMENT_TEAM = B9M96WNGM3;
				GENERATE_INFOPLIST_FILE = YES;
				INFOPLIST_FILE = LoginApplication/Info.plist;
				INFOPLIST_KEY_UIApplicationSupportsIndirectInputEvents = YES;
				INFOPLIST_KEY_UILaunchStoryboardName = LaunchScreen;
				INFOPLIST_KEY_UIMainStoryboardFile = Main;
				INFOPLIST_KEY_UISupportedInterfaceOrientations = UIInterfaceOrientationPortrait;
				INFOPLIST_KEY_UISupportedInterfaceOrientations_iPad = "UIInterfaceOrientationPortrait UIInterfaceOrientationPortraitUpsideDown UIInterfaceOrientationLandscapeLeft UIInterfaceOrientationLandscapeRight";
				INFOPLIST_KEY_UISupportedInterfaceOrientations_iPhone = "UIInterfaceOrientationPortrait UIInterfaceOrientationLandscapeLeft UIInterfaceOrientationLandscapeRight";
				LD_RUNPATH_SEARCH_PATHS = (
					"$(inherited)",
					"@executable_path/Frameworks",
				);
				MARKETING_VERSION = 1.0;
				PRODUCT_BUNDLE_IDENTIFIER = "com.Final-Year.LoginApplication";
				PRODUCT_NAME = "$(TARGET_NAME)";
				SWIFT_EMIT_LOC_STRINGS = YES;
				SWIFT_VERSION = 5.0;
				TARGETED_DEVICE_FAMILY = "1,2";
			};
			name = Debug;
		};
		9AACDDF5277B871400110099 /* Release */ = {
			isa = XCBuildConfiguration;
			buildSettings = {
				ASSETCATALOG_COMPILER_APPICON_NAME = AppIcon;
				ASSETCATALOG_COMPILER_GLOBAL_ACCENT_COLOR_NAME = AccentColor;
				CODE_SIGN_STYLE = Automatic;
				CURRENT_PROJECT_VERSION = 1;
				DEVELOPMENT_TEAM = B9M96WNGM3;
				GENERATE_INFOPLIST_FILE = YES;
				INFOPLIST_FILE = LoginApplication/Info.plist;
				INFOPLIST_KEY_UIApplicationSupportsIndirectInputEvents = YES;
				INFOPLIST_KEY_UILaunchStoryboardName = LaunchScreen;
				INFOPLIST_KEY_UIMainStoryboardFile = Main;
				INFOPLIST_KEY_UISupportedInterfaceOrientations = UIInterfaceOrientationPortrait;
				INFOPLIST_KEY_UISupportedInterfaceOrientations_iPad = "UIInterfaceOrientationPortrait UIInterfaceOrientationPortraitUpsideDown UIInterfaceOrientationLandscapeLeft UIInterfaceOrientationLandscapeRight";
				INFOPLIST_KEY_UISupportedInterfaceOrientations_iPhone = "UIInterfaceOrientationPortrait UIInterfaceOrientationLandscapeLeft UIInterfaceOrientationLandscapeRight";
				LD_RUNPATH_SEARCH_PATHS = (
					"$(inherited)",
					"@executable_path/Frameworks",
				);
				MARKETING_VERSION = 1.0;
				PRODUCT_BUNDLE_IDENTIFIER = "com.Final-Year.LoginApplication";
				PRODUCT_NAME = "$(TARGET_NAME)";
				SWIFT_EMIT_LOC_STRINGS = YES;
				SWIFT_VERSION = 5.0;
				TARGETED_DEVICE_FAMILY = "1,2";
			};
			name = Release;
		};
/* End XCBuildConfiguration section */

/* Begin XCConfigurationList section */
		9AACDDDA277B871200110099 /* Build configuration list for PBXProject "LoginApplication" */ = {
			isa = XCConfigurationList;
			buildConfigurations = (
				9AACDDF1277B871400110099 /* Debug */,
				9AACDDF2277B871400110099 /* Release */,
			);
			defaultConfigurationIsVisible = 0;
			defaultConfigurationName = Release;
		};
		9AACDDF3277B871400110099 /* Build configuration list for PBXNativeTarget "LoginApplication" */ = {
			isa = XCConfigurationList;
			buildConfigurations = (
				9AACDDF4277B871400110099 /* Debug */,
				9AACDDF5277B871400110099 /* Release */,
			);
			defaultConfigurationIsVisible = 0;
			defaultConfigurationName = Release;
		};
/* End XCConfigurationList section */

/* Begin XCRemoteSwiftPackageReference section */
		9A2DCAD027F0A01200B6A521 /* XCRemoteSwiftPackageReference "SDWebImage" */ = {
			isa = XCRemoteSwiftPackageReference;
			repositoryURL = "https://github.com/SDWebImage/SDWebImage.git";
			requirement = {
				kind = upToNextMajorVersion;
				minimumVersion = 5.0.0;
			};
		};
		9A5D461A278CA3100018A096 /* XCRemoteSwiftPackageReference "firebase-ios-sdk" */ = {
			isa = XCRemoteSwiftPackageReference;
			repositoryURL = "https://github.com/firebase/firebase-ios-sdk";
			requirement = {
				branch = master;
				kind = branch;
			};
		};
		9AC60FF527E110B8000C5555 /* XCRemoteSwiftPackageReference "MessageKit" */ = {
			isa = XCRemoteSwiftPackageReference;
			repositoryURL = "https://github.com/MessageKit/MessageKit.git";
			requirement = {
				kind = upToNextMajorVersion;
				minimumVersion = 3.0.0;
			};
		};
/* End XCRemoteSwiftPackageReference section */

/* Begin XCSwiftPackageProductDependency section */
		9A2DCAD127F0A01200B6A521 /* SDWebImage */ = {
			isa = XCSwiftPackageProductDependency;
			package = 9A2DCAD027F0A01200B6A521 /* XCRemoteSwiftPackageReference "SDWebImage" */;
			productName = SDWebImage;
		};
		9A5D461B278CA3100018A096 /* FirebaseAnalytics */ = {
			isa = XCSwiftPackageProductDependency;
			package = 9A5D461A278CA3100018A096 /* XCRemoteSwiftPackageReference "firebase-ios-sdk" */;
			productName = FirebaseAnalytics;
		};
		9A5D461D278CA3100018A096 /* FirebaseAnalyticsSwift-Beta */ = {
			isa = XCSwiftPackageProductDependency;
			package = 9A5D461A278CA3100018A096 /* XCRemoteSwiftPackageReference "firebase-ios-sdk" */;
			productName = "FirebaseAnalyticsSwift-Beta";
		};
		9A5D461F278CA3100018A096 /* FirebaseAnalyticsWithoutAdIdSupport */ = {
			isa = XCSwiftPackageProductDependency;
			package = 9A5D461A278CA3100018A096 /* XCRemoteSwiftPackageReference "firebase-ios-sdk" */;
			productName = FirebaseAnalyticsWithoutAdIdSupport;
		};
		9A5D4621278CA3100018A096 /* FirebaseAppCheck */ = {
			isa = XCSwiftPackageProductDependency;
			package = 9A5D461A278CA3100018A096 /* XCRemoteSwiftPackageReference "firebase-ios-sdk" */;
			productName = FirebaseAppCheck;
		};
		9A5D4623278CA3100018A096 /* FirebaseAppDistribution-Beta */ = {
			isa = XCSwiftPackageProductDependency;
			package = 9A5D461A278CA3100018A096 /* XCRemoteSwiftPackageReference "firebase-ios-sdk" */;
			productName = "FirebaseAppDistribution-Beta";
		};
		9A5D4625278CA3100018A096 /* FirebaseAuth */ = {
			isa = XCSwiftPackageProductDependency;
			package = 9A5D461A278CA3100018A096 /* XCRemoteSwiftPackageReference "firebase-ios-sdk" */;
			productName = FirebaseAuth;
		};
		9A5D4627278CA3100018A096 /* FirebaseAuthCombine-Community */ = {
			isa = XCSwiftPackageProductDependency;
			package = 9A5D461A278CA3100018A096 /* XCRemoteSwiftPackageReference "firebase-ios-sdk" */;
			productName = "FirebaseAuthCombine-Community";
		};
		9A5D4629278CA3100018A096 /* FirebaseCrashlytics */ = {
			isa = XCSwiftPackageProductDependency;
			package = 9A5D461A278CA3100018A096 /* XCRemoteSwiftPackageReference "firebase-ios-sdk" */;
			productName = FirebaseCrashlytics;
		};
		9A5D462B278CA3100018A096 /* FirebaseDatabase */ = {
			isa = XCSwiftPackageProductDependency;
			package = 9A5D461A278CA3100018A096 /* XCRemoteSwiftPackageReference "firebase-ios-sdk" */;
			productName = FirebaseDatabase;
		};
		9A5D462D278CA3100018A096 /* FirebaseDatabaseSwift-Beta */ = {
			isa = XCSwiftPackageProductDependency;
			package = 9A5D461A278CA3100018A096 /* XCRemoteSwiftPackageReference "firebase-ios-sdk" */;
			productName = "FirebaseDatabaseSwift-Beta";
		};
		9A5D462F278CA3100018A096 /* FirebaseDynamicLinks */ = {
			isa = XCSwiftPackageProductDependency;
			package = 9A5D461A278CA3100018A096 /* XCRemoteSwiftPackageReference "firebase-ios-sdk" */;
			productName = FirebaseDynamicLinks;
		};
		9A5D4631278CA3100018A096 /* FirebaseFirestore */ = {
			isa = XCSwiftPackageProductDependency;
			package = 9A5D461A278CA3100018A096 /* XCRemoteSwiftPackageReference "firebase-ios-sdk" */;
			productName = FirebaseFirestore;
		};
		9A5D4633278CA3100018A096 /* FirebaseFirestoreCombine-Community */ = {
			isa = XCSwiftPackageProductDependency;
			package = 9A5D461A278CA3100018A096 /* XCRemoteSwiftPackageReference "firebase-ios-sdk" */;
			productName = "FirebaseFirestoreCombine-Community";
		};
		9A5D4635278CA3100018A096 /* FirebaseFirestoreSwift-Beta */ = {
			isa = XCSwiftPackageProductDependency;
			package = 9A5D461A278CA3100018A096 /* XCRemoteSwiftPackageReference "firebase-ios-sdk" */;
			productName = "FirebaseFirestoreSwift-Beta";
		};
		9A5D4637278CA3100018A096 /* FirebaseFunctions */ = {
			isa = XCSwiftPackageProductDependency;
			package = 9A5D461A278CA3100018A096 /* XCRemoteSwiftPackageReference "firebase-ios-sdk" */;
			productName = FirebaseFunctions;
		};
		9A5D4639278CA3100018A096 /* FirebaseFunctionsCombine-Community */ = {
			isa = XCSwiftPackageProductDependency;
			package = 9A5D461A278CA3100018A096 /* XCRemoteSwiftPackageReference "firebase-ios-sdk" */;
			productName = "FirebaseFunctionsCombine-Community";
		};
		9A5D463B278CA3100018A096 /* FirebaseFunctionsSwift-Beta */ = {
			isa = XCSwiftPackageProductDependency;
			package = 9A5D461A278CA3100018A096 /* XCRemoteSwiftPackageReference "firebase-ios-sdk" */;
			productName = "FirebaseFunctionsSwift-Beta";
		};
		9A5D463D278CA3100018A096 /* FirebaseInAppMessaging-Beta */ = {
			isa = XCSwiftPackageProductDependency;
			package = 9A5D461A278CA3100018A096 /* XCRemoteSwiftPackageReference "firebase-ios-sdk" */;
			productName = "FirebaseInAppMessaging-Beta";
		};
		9A5D463F278CA3100018A096 /* FirebaseInAppMessagingSwift-Beta */ = {
			isa = XCSwiftPackageProductDependency;
			package = 9A5D461A278CA3100018A096 /* XCRemoteSwiftPackageReference "firebase-ios-sdk" */;
			productName = "FirebaseInAppMessagingSwift-Beta";
		};
		9A5D4641278CA3100018A096 /* FirebaseInstallations */ = {
			isa = XCSwiftPackageProductDependency;
			package = 9A5D461A278CA3100018A096 /* XCRemoteSwiftPackageReference "firebase-ios-sdk" */;
			productName = FirebaseInstallations;
		};
		9A5D4643278CA3100018A096 /* FirebaseMLModelDownloader */ = {
			isa = XCSwiftPackageProductDependency;
			package = 9A5D461A278CA3100018A096 /* XCRemoteSwiftPackageReference "firebase-ios-sdk" */;
			productName = FirebaseMLModelDownloader;
		};
		9A5D4645278CA3100018A096 /* FirebaseMessaging */ = {
			isa = XCSwiftPackageProductDependency;
			package = 9A5D461A278CA3100018A096 /* XCRemoteSwiftPackageReference "firebase-ios-sdk" */;
			productName = FirebaseMessaging;
		};
		9A5D4647278CA3100018A096 /* FirebasePerformance */ = {
			isa = XCSwiftPackageProductDependency;
			package = 9A5D461A278CA3100018A096 /* XCRemoteSwiftPackageReference "firebase-ios-sdk" */;
			productName = FirebasePerformance;
		};
		9A5D4649278CA3100018A096 /* FirebaseRemoteConfig */ = {
			isa = XCSwiftPackageProductDependency;
			package = 9A5D461A278CA3100018A096 /* XCRemoteSwiftPackageReference "firebase-ios-sdk" */;
			productName = FirebaseRemoteConfig;
		};
		9A5D464B278CA3100018A096 /* FirebaseStorage */ = {
			isa = XCSwiftPackageProductDependency;
			package = 9A5D461A278CA3100018A096 /* XCRemoteSwiftPackageReference "firebase-ios-sdk" */;
			productName = FirebaseStorage;
		};
		9A5D464D278CA3100018A096 /* FirebaseStorageCombine-Community */ = {
			isa = XCSwiftPackageProductDependency;
			package = 9A5D461A278CA3100018A096 /* XCRemoteSwiftPackageReference "firebase-ios-sdk" */;
			productName = "FirebaseStorageCombine-Community";
		};
		9A5D464F278CA3100018A096 /* FirebaseStorageSwift-Beta */ = {
			isa = XCSwiftPackageProductDependency;
			package = 9A5D461A278CA3100018A096 /* XCRemoteSwiftPackageReference "firebase-ios-sdk" */;
			productName = "FirebaseStorageSwift-Beta";
		};
		9AC60FF627E110B8000C5555 /* MessageKit */ = {
			isa = XCSwiftPackageProductDependency;
			package = 9AC60FF527E110B8000C5555 /* XCRemoteSwiftPackageReference "MessageKit" */;
			productName = MessageKit;
		};
/* End XCSwiftPackageProductDependency section */
	};
	rootObject = 9AACDDD7277B871200110099 /* Project object */;
}
